# This file is automatically @generated by Cargo.
# It is not intended for manual editing.
version = 3

[[package]]
name = "cacutils"
version = "0.1.0"
dependencies = [
 "sys-info",
 "whoami",
]

[[package]]
name = "cc"
version = "1.0.90"
source = "registry+https://github.com/rust-lang/crates.io-index"
checksum = "8cd6604a82acf3039f1144f54b8eb34e91ffba622051189e71b781822d5ee1f5"

[[package]]
name = "libc"
version = "0.2.153"
source = "registry+https://github.com/rust-lang/crates.io-index"
checksum = "9c198f91728a82281a64e1f4f9eeb25d82cb32a5de251c6bd1b5154d63a8e7bd"

[[package]]
name = "sys-info"
version = "0.7.0"
source = "registry+https://github.com/rust-lang/crates.io-index"
checksum = "e5cfbd84f86389198ade41b439f72a5b1b3a8ba728e61cd589e1720d0df44c39"
dependencies = [
 "cc",
 "libc",
]

[[package]]
name = "whoami"
version = "0.8.2"
source = "registry+https://github.com/rust-lang/crates.io-index"
checksum = "18bb55566f6f3f8440914233cf63df1eb60b801b5007d376cc46212cb8a9287c"
